
Microsoft Visual Studio Solution File, Format Version 12.00
# Visual Studio Version 17
VisualStudioVersion = 17.6.33606.364
MinimumVisualStudioVersion = 10.0.40219.1
Project("{2150E333-8FDC-42A3-9474-1A3956D46DE8}") = "FrontEnd", "FrontEnd", "{9DBEDFC7-6695-43A2-A386-869558CE9FCA}"
EndProject
Project("{2150E333-8FDC-42A3-9474-1A3956D46DE8}") = "Services", "Services", "{ADB819A7-64B4-4AFF-BA2B-69EFB3F6577A}"
EndProject
Project("{9A19103F-16F7-4668-BE54-9A1E7A4F7556}") = "Xango.Web", "Mango.Web\Xango.Web.csproj", "{B7012943-4F4D-4DEA-B93D-63F446118BC1}"
EndProject
Project("{FAE04EC0-301F-11D3-BF4B-00C04F79EFBC}") = "Xango.Services.Dto", "Xango.Services.Dto\Xango.Services.Dto.csproj", "{BCC05597-4552-404D-A833-4A24C2603AB4}"
EndProject
Project("{2150E333-8FDC-42A3-9474-1A3956D46DE8}") = "Dto", "Dto", "{02EA681E-C7D8-13C7-8484-4AC65E1B71E8}"
EndProject
Project("{2150E333-8FDC-42A3-9474-1A3956D46DE8}") = "Interfaces", "Interfaces", "{D9D3E35F-4441-4359-B8D3-62FE7F83C299}"
EndProject
Project("{FAE04EC0-301F-11D3-BF4B-00C04F79EFBC}") = "Xango.Services.Interfaces", "Xango.Services.Interfaces\Xango.Services.Interfaces.csproj", "{8FC90AC9-CCCD-4B58-A681-37A7B7E0FB4F}"
EndProject
Project("{2150E333-8FDC-42A3-9474-1A3956D46DE8}") = "Microservices", "Microservices", "{93124727-AAF7-4047-BC08-006CF8E31074}"
EndProject
Project("{FAE04EC0-301F-11D3-BF4B-00C04F79EFBC}") = "Xango.Services.AuthAPI", "Xango.Services.AuthAPI\Xango.Services.AuthAPI.csproj", "{59CE6045-F068-8192-AE6D-B9BDC6537576}"
EndProject
Project("{FAE04EC0-301F-11D3-BF4B-00C04F79EFBC}") = "Xango.Services.CouponAPI", "Xango.Services.CouponAPI\Xango.Services.CouponAPI.csproj", "{B1981AD4-2ADC-E8AC-D1D7-076414E29828}"
EndProject
Project("{FAE04EC0-301F-11D3-BF4B-00C04F79EFBC}") = "Xango.Services.ProductAPI", "Xango.Services.ProductAPI\Xango.Services.ProductAPI.csproj", "{CBDFC0BF-17B9-154C-7EAC-121D4F0CD33A}"
EndProject
Project("{FAE04EC0-301F-11D3-BF4B-00C04F79EFBC}") = "Xango.Services.ShoppingCartAPI", "Xango.Services.ShoppingCartAPI\Xango.Services.ShoppingCartAPI.csproj", "{9275E714-BDB0-8AC9-FCC5-9292AF3C5290}"
EndProject
Project("{FAE04EC0-301F-11D3-BF4B-00C04F79EFBC}") = "Xango.Services.OrderAPI", "Xango.Services.OrderAPI\Xango.Services.OrderAPI.csproj", "{1DAA55EA-0313-FE93-795A-7DB51C42CA70}"
EndProject
Project("{FAE04EC0-301F-11D3-BF4B-00C04F79EFBC}") = "Xango.Services.InventoryApi", "Xango.Services.InventoryApi\Xango.Services.InventoryApi.csproj", "{8B462C55-F4E7-590C-2776-D45A22064F2A}"
EndProject
Project("{2150E333-8FDC-42A3-9474-1A3956D46DE8}") = "HttpClients", "HttpClients", "{8C19D64C-29AC-4997-9035-6664E2B8CA97}"
EndProject
Project("{FAE04EC0-301F-11D3-BF4B-00C04F79EFBC}") = "Xango.Service.CouponAPI.Client", "Xango.Service.CouponAPI.Client\Xango.Service.CouponAPI.Client.csproj", "{CB7861E2-C57F-4C83-8E60-82A637A88274}"
EndProject
Project("{FAE04EC0-301F-11D3-BF4B-00C04F79EFBC}") = "Xango.Services.Client.Utility", "Xango.Services.Client.Utility\Xango.Services.Client.Utility.csproj", "{F3843B2D-005F-4593-94FA-5676915165B6}"
EndProject
Project("{FAE04EC0-301F-11D3-BF4B-00C04F79EFBC}") = "Xango.Serrvices.Server.Utility", "Xango.Serrvices.Server.Utility\Xango.Serrvices.Server.Utility.csproj", "{9694DD98-D81F-4A8D-AA34-CBF0C6DB3266}"
EndProject
Project("{FAE04EC0-301F-11D3-BF4B-00C04F79EFBC}") = "Xango.Service.InventoryAPI.Client", "Xango.Service.InventoryAPI.Client\Xango.Service.InventoryAPI.Client.csproj", "{9C9123F1-3D5F-4D4C-80F9-CCA980022EEB}"
EndProject
Project("{FAE04EC0-301F-11D3-BF4B-00C04F79EFBC}") = "Xango.Service.ProductAPI.Client", "Xango.Service.ProductAPI.Client\Xango.Service.ProductAPI.Client.csproj", "{EC6FAFD4-504D-4ED7-BEE0-371B5C60396C}"
EndProject
Project("{FAE04EC0-301F-11D3-BF4B-00C04F79EFBC}") = "Xango.Service.ShoppingCartAPI.Client", "Xango.Service.ShoppingCartAPI.Client\Xango.Service.ShoppingCartAPI.Client.csproj", "{22540ADB-1650-4638-863D-09C30C74F786}"
EndProject
Project("{FAE04EC0-301F-11D3-BF4B-00C04F79EFBC}") = "Xango.Service.OrderAPI.Client", "Xango.Service.OrderAPI.Client\Xango.Service.OrderAPI.Client.csproj", "{DC634FFD-D74D-4516-AF70-721C02A483D8}"
EndProject
Project("{FAE04EC0-301F-11D3-BF4B-00C04F79EFBC}") = "Xango.Service.AuthenticationAPI.Client", "Xango.Service.AuthenticationAPI.Client\Xango.Service.AuthenticationAPI.Client.csproj", "{3BA5D37A-F27C-49F7-96EC-4F62A9C37DA7}"
EndProject
Project("{E53339B2-1760-4266-BCC7-CA923CBCF16C}") = "docker-compose", "docker-compose.dcproj", "{81DDED9D-158B-E303-5F62-77A2896D2A5A}"
EndProject
Project("{2150E333-8FDC-42A3-9474-1A3956D46DE8}") = "Utilities", "Utilities", "{889AA4C7-BA45-481F-AF1F-8A8C11195C93}"
EndProject
Project("{2150E333-8FDC-42A3-9474-1A3956D46DE8}") = "Angular", "Angular", "{77FD03BB-32A5-42B7-8550-3F43A818A0C2}"
EndProject
Project("{E24C65DC-7377-472B-9ABA-BC803B73C61A}") = "Xango.Angular.Application", "Xango.Angular.Application\", "{16CB4228-7030-6766-73B0-C89E485751F8}"
	ProjectSection(WebsiteProperties) = preProject
		TargetFrameworkMoniker = ".NETFramework,Version%3Dv4.8.1"
		Debug.AspNetCompiler.VirtualPath = "/localhost_58233"
		Debug.AspNetCompiler.PhysicalPath = "Xango.Angular.Application\"
		Debug.AspNetCompiler.TargetPath = "PrecompiledWeb\localhost_58233\"
		Debug.AspNetCompiler.Updateable = "true"
		Debug.AspNetCompiler.ForceOverwrite = "true"
		Debug.AspNetCompiler.FixedNames = "false"
		Debug.AspNetCompiler.Debug = "True"
		Release.AspNetCompiler.VirtualPath = "/localhost_58233"
		Release.AspNetCompiler.PhysicalPath = "Xango.Angular.Application\"
		Release.AspNetCompiler.TargetPath = "PrecompiledWeb\localhost_58233\"
		Release.AspNetCompiler.Updateable = "true"
		Release.AspNetCompiler.ForceOverwrite = "true"
		Release.AspNetCompiler.FixedNames = "false"
		Release.AspNetCompiler.Debug = "False"
		VWDPort = "58233"
		SlnRelativePath = "Xango.Angular.Application\"
	EndProjectSection
EndProject
Global
	GlobalSection(SolutionConfigurationPlatforms) = preSolution
		Debug|Any CPU = Debug|Any CPU
		Release|Any CPU = Release|Any CPU
	EndGlobalSection
	GlobalSection(ProjectConfigurationPlatforms) = postSolution
		{B7012943-4F4D-4DEA-B93D-63F446118BC1}.Debug|Any CPU.ActiveCfg = Debug|Any CPU
		{B7012943-4F4D-4DEA-B93D-63F446118BC1}.Debug|Any CPU.Build.0 = Debug|Any CPU
		{B7012943-4F4D-4DEA-B93D-63F446118BC1}.Release|Any CPU.ActiveCfg = Release|Any CPU
		{B7012943-4F4D-4DEA-B93D-63F446118BC1}.Release|Any CPU.Build.0 = Release|Any CPU
		{BCC05597-4552-404D-A833-4A24C2603AB4}.Debug|Any CPU.ActiveCfg = Debug|Any CPU
		{BCC05597-4552-404D-A833-4A24C2603AB4}.Debug|Any CPU.Build.0 = Debug|Any CPU
		{BCC05597-4552-404D-A833-4A24C2603AB4}.Release|Any CPU.ActiveCfg = Release|Any CPU
		{BCC05597-4552-404D-A833-4A24C2603AB4}.Release|Any CPU.Build.0 = Release|Any CPU
		{8FC90AC9-CCCD-4B58-A681-37A7B7E0FB4F}.Debug|Any CPU.ActiveCfg = Debug|Any CPU
		{8FC90AC9-CCCD-4B58-A681-37A7B7E0FB4F}.Debug|Any CPU.Build.0 = Debug|Any CPU
		{8FC90AC9-CCCD-4B58-A681-37A7B7E0FB4F}.Release|Any CPU.ActiveCfg = Release|Any CPU
		{8FC90AC9-CCCD-4B58-A681-37A7B7E0FB4F}.Release|Any CPU.Build.0 = Release|Any CPU
		{59CE6045-F068-8192-AE6D-B9BDC6537576}.Debug|Any CPU.ActiveCfg = Debug|Any CPU
		{59CE6045-F068-8192-AE6D-B9BDC6537576}.Debug|Any CPU.Build.0 = Debug|Any CPU
		{59CE6045-F068-8192-AE6D-B9BDC6537576}.Release|Any CPU.ActiveCfg = Release|Any CPU
		{59CE6045-F068-8192-AE6D-B9BDC6537576}.Release|Any CPU.Build.0 = Release|Any CPU
		{B1981AD4-2ADC-E8AC-D1D7-076414E29828}.Debug|Any CPU.ActiveCfg = Debug|Any CPU
		{B1981AD4-2ADC-E8AC-D1D7-076414E29828}.Debug|Any CPU.Build.0 = Debug|Any CPU
		{B1981AD4-2ADC-E8AC-D1D7-076414E29828}.Release|Any CPU.ActiveCfg = Release|Any CPU
		{B1981AD4-2ADC-E8AC-D1D7-076414E29828}.Release|Any CPU.Build.0 = Release|Any CPU
		{CBDFC0BF-17B9-154C-7EAC-121D4F0CD33A}.Debug|Any CPU.ActiveCfg = Debug|Any CPU
		{CBDFC0BF-17B9-154C-7EAC-121D4F0CD33A}.Debug|Any CPU.Build.0 = Debug|Any CPU
		{CBDFC0BF-17B9-154C-7EAC-121D4F0CD33A}.Release|Any CPU.ActiveCfg = Release|Any CPU
		{CBDFC0BF-17B9-154C-7EAC-121D4F0CD33A}.Release|Any CPU.Build.0 = Release|Any CPU
		{9275E714-BDB0-8AC9-FCC5-9292AF3C5290}.Debug|Any CPU.ActiveCfg = Debug|Any CPU
		{9275E714-BDB0-8AC9-FCC5-9292AF3C5290}.Debug|Any CPU.Build.0 = Debug|Any CPU
		{9275E714-BDB0-8AC9-FCC5-9292AF3C5290}.Release|Any CPU.ActiveCfg = Release|Any CPU
		{9275E714-BDB0-8AC9-FCC5-9292AF3C5290}.Release|Any CPU.Build.0 = Release|Any CPU
		{1DAA55EA-0313-FE93-795A-7DB51C42CA70}.Debug|Any CPU.ActiveCfg = Debug|Any CPU
		{1DAA55EA-0313-FE93-795A-7DB51C42CA70}.Debug|Any CPU.Build.0 = Debug|Any CPU
		{1DAA55EA-0313-FE93-795A-7DB51C42CA70}.Release|Any CPU.ActiveCfg = Release|Any CPU
		{1DAA55EA-0313-FE93-795A-7DB51C42CA70}.Release|Any CPU.Build.0 = Release|Any CPU
		{8B462C55-F4E7-590C-2776-D45A22064F2A}.Debug|Any CPU.ActiveCfg = Debug|Any CPU
		{8B462C55-F4E7-590C-2776-D45A22064F2A}.Debug|Any CPU.Build.0 = Debug|Any CPU
		{8B462C55-F4E7-590C-2776-D45A22064F2A}.Release|Any CPU.ActiveCfg = Release|Any CPU
		{8B462C55-F4E7-590C-2776-D45A22064F2A}.Release|Any CPU.Build.0 = Release|Any CPU
		{CB7861E2-C57F-4C83-8E60-82A637A88274}.Debug|Any CPU.ActiveCfg = Debug|Any CPU
		{CB7861E2-C57F-4C83-8E60-82A637A88274}.Debug|Any CPU.Build.0 = Debug|Any CPU
		{CB7861E2-C57F-4C83-8E60-82A637A88274}.Release|Any CPU.ActiveCfg = Release|Any CPU
		{CB7861E2-C57F-4C83-8E60-82A637A88274}.Release|Any CPU.Build.0 = Release|Any CPU
		{F3843B2D-005F-4593-94FA-5676915165B6}.Debug|Any CPU.ActiveCfg = Debug|Any CPU
		{F3843B2D-005F-4593-94FA-5676915165B6}.Debug|Any CPU.Build.0 = Debug|Any CPU
		{F3843B2D-005F-4593-94FA-5676915165B6}.Release|Any CPU.ActiveCfg = Release|Any CPU
		{F3843B2D-005F-4593-94FA-5676915165B6}.Release|Any CPU.Build.0 = Release|Any CPU
		{9694DD98-D81F-4A8D-AA34-CBF0C6DB3266}.Debug|Any CPU.ActiveCfg = Debug|Any CPU
		{9694DD98-D81F-4A8D-AA34-CBF0C6DB3266}.Debug|Any CPU.Build.0 = Debug|Any CPU
		{9694DD98-D81F-4A8D-AA34-CBF0C6DB3266}.Release|Any CPU.ActiveCfg = Release|Any CPU
		{9694DD98-D81F-4A8D-AA34-CBF0C6DB3266}.Release|Any CPU.Build.0 = Release|Any CPU
		{9C9123F1-3D5F-4D4C-80F9-CCA980022EEB}.Debug|Any CPU.ActiveCfg = Debug|Any CPU
		{9C9123F1-3D5F-4D4C-80F9-CCA980022EEB}.Debug|Any CPU.Build.0 = Debug|Any CPU
		{9C9123F1-3D5F-4D4C-80F9-CCA980022EEB}.Release|Any CPU.ActiveCfg = Release|Any CPU
		{9C9123F1-3D5F-4D4C-80F9-CCA980022EEB}.Release|Any CPU.Build.0 = Release|Any CPU
		{EC6FAFD4-504D-4ED7-BEE0-371B5C60396C}.Debug|Any CPU.ActiveCfg = Debug|Any CPU
		{EC6FAFD4-504D-4ED7-BEE0-371B5C60396C}.Debug|Any CPU.Build.0 = Debug|Any CPU
		{EC6FAFD4-504D-4ED7-BEE0-371B5C60396C}.Release|Any CPU.ActiveCfg = Release|Any CPU
		{EC6FAFD4-504D-4ED7-BEE0-371B5C60396C}.Release|Any CPU.Build.0 = Release|Any CPU
		{22540ADB-1650-4638-863D-09C30C74F786}.Debug|Any CPU.ActiveCfg = Debug|Any CPU
		{22540ADB-1650-4638-863D-09C30C74F786}.Debug|Any CPU.Build.0 = Debug|Any CPU
		{22540ADB-1650-4638-863D-09C30C74F786}.Release|Any CPU.ActiveCfg = Release|Any CPU
		{22540ADB-1650-4638-863D-09C30C74F786}.Release|Any CPU.Build.0 = Release|Any CPU
		{DC634FFD-D74D-4516-AF70-721C02A483D8}.Debug|Any CPU.ActiveCfg = Debug|Any CPU
		{DC634FFD-D74D-4516-AF70-721C02A483D8}.Debug|Any CPU.Build.0 = Debug|Any CPU
		{DC634FFD-D74D-4516-AF70-721C02A483D8}.Release|Any CPU.ActiveCfg = Release|Any CPU
		{DC634FFD-D74D-4516-AF70-721C02A483D8}.Release|Any CPU.Build.0 = Release|Any CPU
		{3BA5D37A-F27C-49F7-96EC-4F62A9C37DA7}.Debug|Any CPU.ActiveCfg = Debug|Any CPU
		{3BA5D37A-F27C-49F7-96EC-4F62A9C37DA7}.Debug|Any CPU.Build.0 = Debug|Any CPU
		{3BA5D37A-F27C-49F7-96EC-4F62A9C37DA7}.Release|Any CPU.ActiveCfg = Release|Any CPU
		{3BA5D37A-F27C-49F7-96EC-4F62A9C37DA7}.Release|Any CPU.Build.0 = Release|Any CPU
		{81DDED9D-158B-E303-5F62-77A2896D2A5A}.Debug|Any CPU.ActiveCfg = Debug|Any CPU
		{81DDED9D-158B-E303-5F62-77A2896D2A5A}.Debug|Any CPU.Build.0 = Debug|Any CPU
		{81DDED9D-158B-E303-5F62-77A2896D2A5A}.Release|Any CPU.ActiveCfg = Release|Any CPU
		{81DDED9D-158B-E303-5F62-77A2896D2A5A}.Release|Any CPU.Build.0 = Release|Any CPU
		{16CB4228-7030-6766-73B0-C89E485751F8}.Debug|Any CPU.ActiveCfg = Debug|Any CPU
		{16CB4228-7030-6766-73B0-C89E485751F8}.Debug|Any CPU.Build.0 = Debug|Any CPU
		{16CB4228-7030-6766-73B0-C89E485751F8}.Release|Any CPU.ActiveCfg = Debug|Any CPU
		{16CB4228-7030-6766-73B0-C89E485751F8}.Release|Any CPU.Build.0 = Debug|Any CPU
	EndGlobalSection
	GlobalSection(SolutionProperties) = preSolution
		HideSolutionNode = FALSE
	EndGlobalSection
	GlobalSection(NestedProjects) = preSolution
		{B7012943-4F4D-4DEA-B93D-63F446118BC1} = {9DBEDFC7-6695-43A2-A386-869558CE9FCA}
		{BCC05597-4552-404D-A833-4A24C2603AB4} = {02EA681E-C7D8-13C7-8484-4AC65E1B71E8}
		{02EA681E-C7D8-13C7-8484-4AC65E1B71E8} = {ADB819A7-64B4-4AFF-BA2B-69EFB3F6577A}
		{D9D3E35F-4441-4359-B8D3-62FE7F83C299} = {ADB819A7-64B4-4AFF-BA2B-69EFB3F6577A}
		{8FC90AC9-CCCD-4B58-A681-37A7B7E0FB4F} = {D9D3E35F-4441-4359-B8D3-62FE7F83C299}
		{93124727-AAF7-4047-BC08-006CF8E31074} = {ADB819A7-64B4-4AFF-BA2B-69EFB3F6577A}
		{59CE6045-F068-8192-AE6D-B9BDC6537576} = {93124727-AAF7-4047-BC08-006CF8E31074}
		{B1981AD4-2ADC-E8AC-D1D7-076414E29828} = {93124727-AAF7-4047-BC08-006CF8E31074}
		{CBDFC0BF-17B9-154C-7EAC-121D4F0CD33A} = {93124727-AAF7-4047-BC08-006CF8E31074}
		{9275E714-BDB0-8AC9-FCC5-9292AF3C5290} = {93124727-AAF7-4047-BC08-006CF8E31074}
		{1DAA55EA-0313-FE93-795A-7DB51C42CA70} = {93124727-AAF7-4047-BC08-006CF8E31074}
		{8B462C55-F4E7-590C-2776-D45A22064F2A} = {93124727-AAF7-4047-BC08-006CF8E31074}
		{8C19D64C-29AC-4997-9035-6664E2B8CA97} = {ADB819A7-64B4-4AFF-BA2B-69EFB3F6577A}
		{CB7861E2-C57F-4C83-8E60-82A637A88274} = {8C19D64C-29AC-4997-9035-6664E2B8CA97}
		{F3843B2D-005F-4593-94FA-5676915165B6} = {889AA4C7-BA45-481F-AF1F-8A8C11195C93}
		{9694DD98-D81F-4A8D-AA34-CBF0C6DB3266} = {889AA4C7-BA45-481F-AF1F-8A8C11195C93}
		{9C9123F1-3D5F-4D4C-80F9-CCA980022EEB} = {8C19D64C-29AC-4997-9035-6664E2B8CA97}
		{EC6FAFD4-504D-4ED7-BEE0-371B5C60396C} = {8C19D64C-29AC-4997-9035-6664E2B8CA97}
		{22540ADB-1650-4638-863D-09C30C74F786} = {8C19D64C-29AC-4997-9035-6664E2B8CA97}
		{DC634FFD-D74D-4516-AF70-721C02A483D8} = {8C19D64C-29AC-4997-9035-6664E2B8CA97}
		{3BA5D37A-F27C-49F7-96EC-4F62A9C37DA7} = {8C19D64C-29AC-4997-9035-6664E2B8CA97}
		{77FD03BB-32A5-42B7-8550-3F43A818A0C2} = {9DBEDFC7-6695-43A2-A386-869558CE9FCA}
		{16CB4228-7030-6766-73B0-C89E485751F8} = {77FD03BB-32A5-42B7-8550-3F43A818A0C2}
	EndGlobalSection
	GlobalSection(ExtensibilityGlobals) = postSolution
		SolutionGuid = {929D2BC7-133A-46CF-89C4-0315B8019576}
	EndGlobalSection
EndGlobal
